
Microsoft Visual Studio Solution File, Format Version 12.00
# Visual Studio Version 17
VisualStudioVersion = 17.11.35327.3
MinimumVisualStudioVersion = 10.0.40219.1
Project("{FAE04EC0-301F-11D3-BF4B-00C04F79EFBC}") = "3 pamoka  paveldimumas ir Virtual metod", "3 pamoka  paveldimumas ir Virtual metod\3 pamoka  paveldimumas ir Virtual metod.csproj", "{E749E534-CADA-4032-8146-B491E3F5D8EB}"
EndProject
Global
	GlobalSection(SolutionConfigurationPlatforms) = preSolution
		Debug|Any CPU = Debug|Any CPU
		Release|Any CPU = Release|Any CPU
	EndGlobalSection
	GlobalSection(ProjectConfigurationPlatforms) = postSolution
		{E749E534-CADA-4032-8146-B491E3F5D8EB}.Debug|Any CPU.ActiveCfg = Debug|Any CPU
		{E749E534-CADA-4032-8146-B491E3F5D8EB}.Debug|Any CPU.Build.0 = Debug|Any CPU
		{E749E534-CADA-4032-8146-B491E3F5D8EB}.Release|Any CPU.ActiveCfg = Release|Any CPU
		{E749E534-CADA-4032-8146-B491E3F5D8EB}.Release|Any CPU.Build.0 = Release|Any CPU
	EndGlobalSection
	GlobalSection(SolutionProperties) = preSolution
		HideSolutionNode = FALSE
	EndGlobalSection
	GlobalSection(ExtensibilityGlobals) = postSolution
		SolutionGuid = {AD73DF0D-086A-44A3-98A2-031843145F58}
	EndGlobalSection
EndGlobal
