
Microsoft Visual Studio Solution File, Format Version 12.00
# Visual Studio Version 17
VisualStudioVersion = 17.11.35222.181
MinimumVisualStudioVersion = 10.0.40219.1
Project("{FAE04EC0-301F-11D3-BF4B-00C04F79EFBC}") = "15 pamoka", "15 pamoka\15 pamoka.csproj", "{AB964A86-FC74-42F7-A7DA-06AD230DF3CB}"
EndProject
Global
	GlobalSection(SolutionConfigurationPlatforms) = preSolution
		Debug|Any CPU = Debug|Any CPU
		Release|Any CPU = Release|Any CPU
	EndGlobalSection
	GlobalSection(ProjectConfigurationPlatforms) = postSolution
		{AB964A86-FC74-42F7-A7DA-06AD230DF3CB}.Debug|Any CPU.ActiveCfg = Debug|Any CPU
		{AB964A86-FC74-42F7-A7DA-06AD230DF3CB}.Debug|Any CPU.Build.0 = Debug|Any CPU
		{AB964A86-FC74-42F7-A7DA-06AD230DF3CB}.Release|Any CPU.ActiveCfg = Release|Any CPU
		{AB964A86-FC74-42F7-A7DA-06AD230DF3CB}.Release|Any CPU.Build.0 = Release|Any CPU
	EndGlobalSection
	GlobalSection(SolutionProperties) = preSolution
		HideSolutionNode = FALSE
	EndGlobalSection
	GlobalSection(ExtensibilityGlobals) = postSolution
		SolutionGuid = {880541E0-AD75-4269-8D40-76C228B63B64}
	EndGlobalSection
EndGlobal
