
Microsoft Visual Studio Solution File, Format Version 12.00
# Visual Studio Version 17
VisualStudioVersion = 17.11.35222.181
MinimumVisualStudioVersion = 10.0.40219.1
Project("{FAE04EC0-301F-11D3-BF4B-00C04F79EFBC}") = "6 pamoka", "6 pamoka\6 pamoka.csproj", "{29EE026C-E92F-4A26-BE64-5EE7A55301E8}"
EndProject
Global
	GlobalSection(SolutionConfigurationPlatforms) = preSolution
		Debug|Any CPU = Debug|Any CPU
		Release|Any CPU = Release|Any CPU
	EndGlobalSection
	GlobalSection(ProjectConfigurationPlatforms) = postSolution
		{29EE026C-E92F-4A26-BE64-5EE7A55301E8}.Debug|Any CPU.ActiveCfg = Debug|Any CPU
		{29EE026C-E92F-4A26-BE64-5EE7A55301E8}.Debug|Any CPU.Build.0 = Debug|Any CPU
		{29EE026C-E92F-4A26-BE64-5EE7A55301E8}.Release|Any CPU.ActiveCfg = Release|Any CPU
		{29EE026C-E92F-4A26-BE64-5EE7A55301E8}.Release|Any CPU.Build.0 = Release|Any CPU
	EndGlobalSection
	GlobalSection(SolutionProperties) = preSolution
		HideSolutionNode = FALSE
	EndGlobalSection
	GlobalSection(ExtensibilityGlobals) = postSolution
		SolutionGuid = {5AE14AF7-32CA-4C82-AA27-7346EB4263FC}
	EndGlobalSection
EndGlobal
