
Microsoft Visual Studio Solution File, Format Version 12.00
# Visual Studio Version 17
VisualStudioVersion = 17.11.35222.181
MinimumVisualStudioVersion = 10.0.40219.1
Project("{FAE04EC0-301F-11D3-BF4B-00C04F79EFBC}") = "5 pamoka", "5 pamoka\5 pamoka.csproj", "{D688D241-A8BB-49E8-B3E7-045514B08495}"
EndProject
Global
	GlobalSection(SolutionConfigurationPlatforms) = preSolution
		Debug|Any CPU = Debug|Any CPU
		Release|Any CPU = Release|Any CPU
	EndGlobalSection
	GlobalSection(ProjectConfigurationPlatforms) = postSolution
		{D688D241-A8BB-49E8-B3E7-045514B08495}.Debug|Any CPU.ActiveCfg = Debug|Any CPU
		{D688D241-A8BB-49E8-B3E7-045514B08495}.Debug|Any CPU.Build.0 = Debug|Any CPU
		{D688D241-A8BB-49E8-B3E7-045514B08495}.Release|Any CPU.ActiveCfg = Release|Any CPU
		{D688D241-A8BB-49E8-B3E7-045514B08495}.Release|Any CPU.Build.0 = Release|Any CPU
	EndGlobalSection
	GlobalSection(SolutionProperties) = preSolution
		HideSolutionNode = FALSE
	EndGlobalSection
	GlobalSection(ExtensibilityGlobals) = postSolution
		SolutionGuid = {3E538E7F-526B-4E39-9927-1FB4DC4083A2}
	EndGlobalSection
EndGlobal
