
Microsoft Visual Studio Solution File, Format Version 12.00
# Visual Studio Version 17
VisualStudioVersion = 17.11.35222.181
MinimumVisualStudioVersion = 10.0.40219.1
Project("{FAE04EC0-301F-11D3-BF4B-00C04F79EFBC}") = "13 pamoka", "13 pamoka\13 pamoka.csproj", "{C0666FB0-237B-436B-8002-DD420B562613}"
EndProject
Project("{FAE04EC0-301F-11D3-BF4B-00C04F79EFBC}") = "testas", "testas\testas.csproj", "{3B298B8D-4133-4111-BDEE-CEC44BCB6F2E}"
EndProject
Global
	GlobalSection(SolutionConfigurationPlatforms) = preSolution
		Debug|Any CPU = Debug|Any CPU
		Release|Any CPU = Release|Any CPU
	EndGlobalSection
	GlobalSection(ProjectConfigurationPlatforms) = postSolution
		{C0666FB0-237B-436B-8002-DD420B562613}.Debug|Any CPU.ActiveCfg = Debug|Any CPU
		{C0666FB0-237B-436B-8002-DD420B562613}.Debug|Any CPU.Build.0 = Debug|Any CPU
		{C0666FB0-237B-436B-8002-DD420B562613}.Release|Any CPU.ActiveCfg = Release|Any CPU
		{C0666FB0-237B-436B-8002-DD420B562613}.Release|Any CPU.Build.0 = Release|Any CPU
		{3B298B8D-4133-4111-BDEE-CEC44BCB6F2E}.Debug|Any CPU.ActiveCfg = Debug|Any CPU
		{3B298B8D-4133-4111-BDEE-CEC44BCB6F2E}.Debug|Any CPU.Build.0 = Debug|Any CPU
		{3B298B8D-4133-4111-BDEE-CEC44BCB6F2E}.Release|Any CPU.ActiveCfg = Release|Any CPU
		{3B298B8D-4133-4111-BDEE-CEC44BCB6F2E}.Release|Any CPU.Build.0 = Release|Any CPU
	EndGlobalSection
	GlobalSection(SolutionProperties) = preSolution
		HideSolutionNode = FALSE
	EndGlobalSection
	GlobalSection(ExtensibilityGlobals) = postSolution
		SolutionGuid = {72C93125-9D99-4A28-BB61-4820FBFBE975}
	EndGlobalSection
EndGlobal
