
Microsoft Visual Studio Solution File, Format Version 12.00
# Visual Studio Version 17
VisualStudioVersion = 17.11.35222.181
MinimumVisualStudioVersion = 10.0.40219.1
Project("{FAE04EC0-301F-11D3-BF4B-00C04F79EFBC}") = "ketvirta pamoka1", "ketvirta pamoka1\ketvirta pamoka1.csproj", "{7F519122-1696-40B9-AF45-0683D24EBDCC}"
EndProject
Global
	GlobalSection(SolutionConfigurationPlatforms) = preSolution
		Debug|Any CPU = Debug|Any CPU
		Release|Any CPU = Release|Any CPU
	EndGlobalSection
	GlobalSection(ProjectConfigurationPlatforms) = postSolution
		{7F519122-1696-40B9-AF45-0683D24EBDCC}.Debug|Any CPU.ActiveCfg = Debug|Any CPU
		{7F519122-1696-40B9-AF45-0683D24EBDCC}.Debug|Any CPU.Build.0 = Debug|Any CPU
		{7F519122-1696-40B9-AF45-0683D24EBDCC}.Release|Any CPU.ActiveCfg = Release|Any CPU
		{7F519122-1696-40B9-AF45-0683D24EBDCC}.Release|Any CPU.Build.0 = Release|Any CPU
	EndGlobalSection
	GlobalSection(SolutionProperties) = preSolution
		HideSolutionNode = FALSE
	EndGlobalSection
	GlobalSection(ExtensibilityGlobals) = postSolution
		SolutionGuid = {D5B75CB6-0843-4BD7-B333-93C5BFAA631C}
	EndGlobalSection
EndGlobal
