
Microsoft Visual Studio Solution File, Format Version 12.00
# Visual Studio Version 17
VisualStudioVersion = 17.12.35506.116 d17.12
MinimumVisualStudioVersion = 10.0.40219.1
Project("{FAE04EC0-301F-11D3-BF4B-00C04F79EFBC}") = "API Nr7 Uzrasine", "API Nr7 Uzrasine.csproj", "{C141DAAC-7D02-4534-A2EB-44B2248790BE}"
EndProject
Global
	GlobalSection(SolutionConfigurationPlatforms) = preSolution
		Debug|Any CPU = Debug|Any CPU
		Release|Any CPU = Release|Any CPU
	EndGlobalSection
	GlobalSection(ProjectConfigurationPlatforms) = postSolution
		{C141DAAC-7D02-4534-A2EB-44B2248790BE}.Debug|Any CPU.ActiveCfg = Debug|Any CPU
		{C141DAAC-7D02-4534-A2EB-44B2248790BE}.Debug|Any CPU.Build.0 = Debug|Any CPU
		{C141DAAC-7D02-4534-A2EB-44B2248790BE}.Release|Any CPU.ActiveCfg = Release|Any CPU
		{C141DAAC-7D02-4534-A2EB-44B2248790BE}.Release|Any CPU.Build.0 = Release|Any CPU
	EndGlobalSection
	GlobalSection(SolutionProperties) = preSolution
		HideSolutionNode = FALSE
	EndGlobalSection
EndGlobal
