
Microsoft Visual Studio Solution File, Format Version 12.00
# Visual Studio Version 17
VisualStudioVersion = 17.12.35506.116 d17.12
MinimumVisualStudioVersion = 10.0.40219.1
Project("{FAE04EC0-301F-11D3-BF4B-00C04F79EFBC}") = "API Nr2", "API Nr2.csproj", "{DD536DA2-1EA0-4660-A34F-92006DB3865C}"
EndProject
Project("{FAE04EC0-301F-11D3-BF4B-00C04F79EFBC}") = "web_api Business", "..\web_api Business\web_api Business.csproj", "{FA8539CB-5220-4F58-853D-001F03310F2E}"
EndProject
Global
	GlobalSection(SolutionConfigurationPlatforms) = preSolution
		Debug|Any CPU = Debug|Any CPU
		Release|Any CPU = Release|Any CPU
	EndGlobalSection
	GlobalSection(ProjectConfigurationPlatforms) = postSolution
		{DD536DA2-1EA0-4660-A34F-92006DB3865C}.Debug|Any CPU.ActiveCfg = Debug|Any CPU
		{DD536DA2-1EA0-4660-A34F-92006DB3865C}.Debug|Any CPU.Build.0 = Debug|Any CPU
		{DD536DA2-1EA0-4660-A34F-92006DB3865C}.Release|Any CPU.ActiveCfg = Release|Any CPU
		{DD536DA2-1EA0-4660-A34F-92006DB3865C}.Release|Any CPU.Build.0 = Release|Any CPU
		{FA8539CB-5220-4F58-853D-001F03310F2E}.Debug|Any CPU.ActiveCfg = Debug|Any CPU
		{FA8539CB-5220-4F58-853D-001F03310F2E}.Debug|Any CPU.Build.0 = Debug|Any CPU
		{FA8539CB-5220-4F58-853D-001F03310F2E}.Release|Any CPU.ActiveCfg = Release|Any CPU
		{FA8539CB-5220-4F58-853D-001F03310F2E}.Release|Any CPU.Build.0 = Release|Any CPU
	EndGlobalSection
	GlobalSection(SolutionProperties) = preSolution
		HideSolutionNode = FALSE
	EndGlobalSection
EndGlobal
