
Microsoft Visual Studio Solution File, Format Version 12.00
# Visual Studio Version 17
VisualStudioVersion = 17.11.35222.181
MinimumVisualStudioVersion = 10.0.40219.1
Project("{FAE04EC0-301F-11D3-BF4B-00C04F79EFBC}") = "14  pamoka", "14  pamoka\14  pamoka.csproj", "{90777160-2B7D-499E-8686-9AC5F8B12A6F}"
EndProject
Global
	GlobalSection(SolutionConfigurationPlatforms) = preSolution
		Debug|Any CPU = Debug|Any CPU
		Release|Any CPU = Release|Any CPU
	EndGlobalSection
	GlobalSection(ProjectConfigurationPlatforms) = postSolution
		{90777160-2B7D-499E-8686-9AC5F8B12A6F}.Debug|Any CPU.ActiveCfg = Debug|Any CPU
		{90777160-2B7D-499E-8686-9AC5F8B12A6F}.Debug|Any CPU.Build.0 = Debug|Any CPU
		{90777160-2B7D-499E-8686-9AC5F8B12A6F}.Release|Any CPU.ActiveCfg = Release|Any CPU
		{90777160-2B7D-499E-8686-9AC5F8B12A6F}.Release|Any CPU.Build.0 = Release|Any CPU
	EndGlobalSection
	GlobalSection(SolutionProperties) = preSolution
		HideSolutionNode = FALSE
	EndGlobalSection
	GlobalSection(ExtensibilityGlobals) = postSolution
		SolutionGuid = {796C6DF9-2664-4204-A4FE-A9C94CBDD9B3}
	EndGlobalSection
EndGlobal
